
Microsoft Visual Studio Solution File, Format Version 12.00
# Visual Studio Version 16
VisualStudioVersion = 16.0.29709.97
MinimumVisualStudioVersion = 10.0.40219.1
Project("{FAE04EC0-301F-11D3-BF4B-00C04F79EFBC}") = "002-PassDataToViewViewBag", "002-PassDataToViewViewBag\002-PassDataToViewViewBag.csproj", "{73620259-8FAF-4428-B582-C529F4EFFF46}"
EndProject
Global
	GlobalSection(SolutionConfigurationPlatforms) = preSolution
		Debug|Any CPU = Debug|Any CPU
		Release|Any CPU = Release|Any CPU
	EndGlobalSection
	GlobalSection(ProjectConfigurationPlatforms) = postSolution
		{73620259-8FAF-4428-B582-C529F4EFFF46}.Debug|Any CPU.ActiveCfg = Debug|Any CPU
		{73620259-8FAF-4428-B582-C529F4EFFF46}.Debug|Any CPU.Build.0 = Debug|Any CPU
		{73620259-8FAF-4428-B582-C529F4EFFF46}.Release|Any CPU.ActiveCfg = Release|Any CPU
		{73620259-8FAF-4428-B582-C529F4EFFF46}.Release|Any CPU.Build.0 = Release|Any CPU
	EndGlobalSection
	GlobalSection(SolutionProperties) = preSolution
		HideSolutionNode = FALSE
	EndGlobalSection
	GlobalSection(ExtensibilityGlobals) = postSolution
		SolutionGuid = {C57CD6C6-3217-4295-A47E-2F743C94FCA4}
	EndGlobalSection
EndGlobal
