
Microsoft Visual Studio Solution File, Format Version 12.00
# Visual Studio Version 16
VisualStudioVersion = 16.0.29920.165
MinimumVisualStudioVersion = 10.0.40219.1
Project("{FAE04EC0-301F-11D3-BF4B-00C04F79EFBC}") = "StudentApp", "StudentApp\StudentApp.csproj", "{C3590BCF-54DA-4371-9F7C-7169CBCC6FD1}"
EndProject
Project("{FAE04EC0-301F-11D3-BF4B-00C04F79EFBC}") = "Entities", "StudentApp.Entity\Entities.csproj", "{0414282F-9238-4882-AEC1-6650F66EF99E}"
EndProject
Project("{FAE04EC0-301F-11D3-BF4B-00C04F79EFBC}") = "Repositories", "StudentApp.Repository\Repositories.csproj", "{6AD53DA6-858C-4E63-A783-41CACAE9174D}"
EndProject
Global
	GlobalSection(SolutionConfigurationPlatforms) = preSolution
		Debug|Any CPU = Debug|Any CPU
		Release|Any CPU = Release|Any CPU
	EndGlobalSection
	GlobalSection(ProjectConfigurationPlatforms) = postSolution
		{C3590BCF-54DA-4371-9F7C-7169CBCC6FD1}.Debug|Any CPU.ActiveCfg = Debug|Any CPU
		{C3590BCF-54DA-4371-9F7C-7169CBCC6FD1}.Debug|Any CPU.Build.0 = Debug|Any CPU
		{C3590BCF-54DA-4371-9F7C-7169CBCC6FD1}.Release|Any CPU.ActiveCfg = Release|Any CPU
		{C3590BCF-54DA-4371-9F7C-7169CBCC6FD1}.Release|Any CPU.Build.0 = Release|Any CPU
		{0414282F-9238-4882-AEC1-6650F66EF99E}.Debug|Any CPU.ActiveCfg = Debug|Any CPU
		{0414282F-9238-4882-AEC1-6650F66EF99E}.Debug|Any CPU.Build.0 = Debug|Any CPU
		{0414282F-9238-4882-AEC1-6650F66EF99E}.Release|Any CPU.ActiveCfg = Release|Any CPU
		{0414282F-9238-4882-AEC1-6650F66EF99E}.Release|Any CPU.Build.0 = Release|Any CPU
		{6AD53DA6-858C-4E63-A783-41CACAE9174D}.Debug|Any CPU.ActiveCfg = Debug|Any CPU
		{6AD53DA6-858C-4E63-A783-41CACAE9174D}.Debug|Any CPU.Build.0 = Debug|Any CPU
		{6AD53DA6-858C-4E63-A783-41CACAE9174D}.Release|Any CPU.ActiveCfg = Release|Any CPU
		{6AD53DA6-858C-4E63-A783-41CACAE9174D}.Release|Any CPU.Build.0 = Release|Any CPU
	EndGlobalSection
	GlobalSection(SolutionProperties) = preSolution
		HideSolutionNode = FALSE
	EndGlobalSection
	GlobalSection(ExtensibilityGlobals) = postSolution
		SolutionGuid = {D38A1EC6-02B9-434A-8A37-8B8DC75CA735}
	EndGlobalSection
EndGlobal
