
Microsoft Visual Studio Solution File, Format Version 12.00
# Visual Studio Version 16
VisualStudioVersion = 16.0.30104.148
MinimumVisualStudioVersion = 10.0.40219.1
Project("{9A19103F-16F7-4668-BE54-9A1E7A4F7556}") = "WebApp", "ParticipantsWebApp\WebApp.csproj", "{461B99FA-F544-42BE-B157-663F0AB40448}"
EndProject
Project("{9A19103F-16F7-4668-BE54-9A1E7A4F7556}") = "ParticipansAppRestClientService", "ParticipansAppRestClientService\ParticipansAppRestClientService.csproj", "{BC22713F-AD38-4537-9F7B-A0F0262C4F16}"
EndProject
Global
	GlobalSection(SolutionConfigurationPlatforms) = preSolution
		Debug|Any CPU = Debug|Any CPU
		Release|Any CPU = Release|Any CPU
	EndGlobalSection
	GlobalSection(ProjectConfigurationPlatforms) = postSolution
		{461B99FA-F544-42BE-B157-663F0AB40448}.Debug|Any CPU.ActiveCfg = Debug|Any CPU
		{461B99FA-F544-42BE-B157-663F0AB40448}.Debug|Any CPU.Build.0 = Debug|Any CPU
		{461B99FA-F544-42BE-B157-663F0AB40448}.Release|Any CPU.ActiveCfg = Release|Any CPU
		{461B99FA-F544-42BE-B157-663F0AB40448}.Release|Any CPU.Build.0 = Release|Any CPU
		{BC22713F-AD38-4537-9F7B-A0F0262C4F16}.Debug|Any CPU.ActiveCfg = Debug|Any CPU
		{BC22713F-AD38-4537-9F7B-A0F0262C4F16}.Debug|Any CPU.Build.0 = Debug|Any CPU
		{BC22713F-AD38-4537-9F7B-A0F0262C4F16}.Release|Any CPU.ActiveCfg = Release|Any CPU
		{BC22713F-AD38-4537-9F7B-A0F0262C4F16}.Release|Any CPU.Build.0 = Release|Any CPU
	EndGlobalSection
	GlobalSection(SolutionProperties) = preSolution
		HideSolutionNode = FALSE
	EndGlobalSection
	GlobalSection(ExtensibilityGlobals) = postSolution
		SolutionGuid = {47E74C81-6621-4267-9A08-A44E3B0986E9}
	EndGlobalSection
EndGlobal
