
Microsoft Visual Studio Solution File, Format Version 12.00
# Visual Studio Version 16
VisualStudioVersion = 16.0.29806.167
MinimumVisualStudioVersion = 10.0.40219.1
Project("{9A19103F-16F7-4668-BE54-9A1E7A4F7556}") = "DBUtilLib", "DBUtilLib\DBUtilLib.csproj", "{8C073EB6-110B-4C35-A557-A15F3F9A97DD}"
EndProject
Project("{9A19103F-16F7-4668-BE54-9A1E7A4F7556}") = "HttpClientExtensionLib", "HttpClientExtensionLib\HttpClientExtensionLib\HttpClientExtensionLib.csproj", "{ED69BE5C-704C-4F43-98A4-8EBE054ECDB0}"
EndProject
Global
	GlobalSection(SolutionConfigurationPlatforms) = preSolution
		Debug|Any CPU = Debug|Any CPU
		Release|Any CPU = Release|Any CPU
	EndGlobalSection
	GlobalSection(ProjectConfigurationPlatforms) = postSolution
		{8C073EB6-110B-4C35-A557-A15F3F9A97DD}.Debug|Any CPU.ActiveCfg = Debug|Any CPU
		{8C073EB6-110B-4C35-A557-A15F3F9A97DD}.Debug|Any CPU.Build.0 = Debug|Any CPU
		{8C073EB6-110B-4C35-A557-A15F3F9A97DD}.Release|Any CPU.ActiveCfg = Release|Any CPU
		{8C073EB6-110B-4C35-A557-A15F3F9A97DD}.Release|Any CPU.Build.0 = Release|Any CPU
		{ED69BE5C-704C-4F43-98A4-8EBE054ECDB0}.Debug|Any CPU.ActiveCfg = Debug|Any CPU
		{ED69BE5C-704C-4F43-98A4-8EBE054ECDB0}.Debug|Any CPU.Build.0 = Debug|Any CPU
		{ED69BE5C-704C-4F43-98A4-8EBE054ECDB0}.Release|Any CPU.ActiveCfg = Release|Any CPU
		{ED69BE5C-704C-4F43-98A4-8EBE054ECDB0}.Release|Any CPU.Build.0 = Release|Any CPU
	EndGlobalSection
	GlobalSection(SolutionProperties) = preSolution
		HideSolutionNode = FALSE
	EndGlobalSection
	GlobalSection(ExtensibilityGlobals) = postSolution
		SolutionGuid = {68A13C00-BD71-462D-BDF1-64928120056A}
	EndGlobalSection
EndGlobal
