
Microsoft Visual Studio Solution File, Format Version 12.00
# Visual Studio Version 16
VisualStudioVersion = 16.0.29709.97
MinimumVisualStudioVersion = 10.0.40219.1
Project("{FAE04EC0-301F-11D3-BF4B-00C04F79EFBC}") = "006-StudentBirthDayApp", "006-StudentBirthDayApp\006-StudentBirthDayApp.csproj", "{BFD8C2D8-8235-4D1E-8A6D-AA1C7D0E7CE6}"
EndProject
Project("{FAE04EC0-301F-11D3-BF4B-00C04F79EFBC}") = "RepositoryLib", "RepositoryLib\RepositoryLib.csproj", "{E925CB79-18DA-4EED-A1A4-937E8B58F413}"
EndProject
Project("{FAE04EC0-301F-11D3-BF4B-00C04F79EFBC}") = "EntitiesLib", "EntitiesLib\EntitiesLib.csproj", "{32B0868F-ED17-4404-832F-A9E276C18A91}"
EndProject
Global
	GlobalSection(SolutionConfigurationPlatforms) = preSolution
		Debug|Any CPU = Debug|Any CPU
		Release|Any CPU = Release|Any CPU
	EndGlobalSection
	GlobalSection(ProjectConfigurationPlatforms) = postSolution
		{BFD8C2D8-8235-4D1E-8A6D-AA1C7D0E7CE6}.Debug|Any CPU.ActiveCfg = Debug|Any CPU
		{BFD8C2D8-8235-4D1E-8A6D-AA1C7D0E7CE6}.Debug|Any CPU.Build.0 = Debug|Any CPU
		{BFD8C2D8-8235-4D1E-8A6D-AA1C7D0E7CE6}.Release|Any CPU.ActiveCfg = Release|Any CPU
		{BFD8C2D8-8235-4D1E-8A6D-AA1C7D0E7CE6}.Release|Any CPU.Build.0 = Release|Any CPU
		{E925CB79-18DA-4EED-A1A4-937E8B58F413}.Debug|Any CPU.ActiveCfg = Debug|Any CPU
		{E925CB79-18DA-4EED-A1A4-937E8B58F413}.Debug|Any CPU.Build.0 = Debug|Any CPU
		{E925CB79-18DA-4EED-A1A4-937E8B58F413}.Release|Any CPU.ActiveCfg = Release|Any CPU
		{E925CB79-18DA-4EED-A1A4-937E8B58F413}.Release|Any CPU.Build.0 = Release|Any CPU
		{32B0868F-ED17-4404-832F-A9E276C18A91}.Debug|Any CPU.ActiveCfg = Debug|Any CPU
		{32B0868F-ED17-4404-832F-A9E276C18A91}.Debug|Any CPU.Build.0 = Debug|Any CPU
		{32B0868F-ED17-4404-832F-A9E276C18A91}.Release|Any CPU.ActiveCfg = Release|Any CPU
		{32B0868F-ED17-4404-832F-A9E276C18A91}.Release|Any CPU.Build.0 = Release|Any CPU
	EndGlobalSection
	GlobalSection(SolutionProperties) = preSolution
		HideSolutionNode = FALSE
	EndGlobalSection
	GlobalSection(ExtensibilityGlobals) = postSolution
		SolutionGuid = {89C60FFD-02F6-4F1E-96F5-3214D99A6C02}
	EndGlobalSection
EndGlobal
